
Microsoft Visual Studio Solution File, Format Version 12.00
# Visual Studio Version 17
VisualStudioVersion = 17.5.33530.505
MinimumVisualStudioVersion = 10.0.40219.1
Project("{FAE04EC0-301F-11D3-BF4B-00C04F79EFBC}") = "WindowsFormsApp4", "WindowsFormsApp4\WindowsFormsApp4.csproj", "{68969A94-110C-4D60-8B94-6444895A30D5}"
EndProject
Global
	GlobalSection(SolutionConfigurationPlatforms) = preSolution
		Debug|Any CPU = Debug|Any CPU
		Release|Any CPU = Release|Any CPU
	EndGlobalSection
	GlobalSection(ProjectConfigurationPlatforms) = postSolution
		{68969A94-110C-4D60-8B94-6444895A30D5}.Debug|Any CPU.ActiveCfg = Debug|Any CPU
		{68969A94-110C-4D60-8B94-6444895A30D5}.Debug|Any CPU.Build.0 = Debug|Any CPU
		{68969A94-110C-4D60-8B94-6444895A30D5}.Release|Any CPU.ActiveCfg = Release|Any CPU
		{68969A94-110C-4D60-8B94-6444895A30D5}.Release|Any CPU.Build.0 = Release|Any CPU
	EndGlobalSection
	GlobalSection(SolutionProperties) = preSolution
		HideSolutionNode = FALSE
	EndGlobalSection
	GlobalSection(ExtensibilityGlobals) = postSolution
		SolutionGuid = {A3A96F93-ADE2-4443-93C0-CE3A81F7307C}
	EndGlobalSection
EndGlobal
